
Microsoft Visual Studio Solution File, Format Version 12.00
# Visual Studio 15
VisualStudioVersion = 15.0.28307.168
MinimumVisualStudioVersion = 10.0.40219.1
Project("{FAE04EC0-301F-11D3-BF4B-00C04F79EFBC}") = "MyFirstMVC", "MyFirstMVC\MyFirstMVC.csproj", "{4C6BE6B6-8511-4430-9E9E-FE9FEAFC8ED5}"
EndProject
Global
	GlobalSection(SolutionConfigurationPlatforms) = preSolution
		Debug|Any CPU = Debug|Any CPU
		Release|Any CPU = Release|Any CPU
	EndGlobalSection
	GlobalSection(ProjectConfigurationPlatforms) = postSolution
		{4C6BE6B6-8511-4430-9E9E-FE9FEAFC8ED5}.Debug|Any CPU.ActiveCfg = Debug|Any CPU
		{4C6BE6B6-8511-4430-9E9E-FE9FEAFC8ED5}.Debug|Any CPU.Build.0 = Debug|Any CPU
		{4C6BE6B6-8511-4430-9E9E-FE9FEAFC8ED5}.Release|Any CPU.ActiveCfg = Release|Any CPU
		{4C6BE6B6-8511-4430-9E9E-FE9FEAFC8ED5}.Release|Any CPU.Build.0 = Release|Any CPU
	EndGlobalSection
	GlobalSection(SolutionProperties) = preSolution
		HideSolutionNode = FALSE
	EndGlobalSection
	GlobalSection(ExtensibilityGlobals) = postSolution
		SolutionGuid = {E821F5EC-7EB2-49CE-BACA-420884CA81B3}
	EndGlobalSection
EndGlobal
